
Microsoft Visual Studio Solution File, Format Version 12.00
# Visual Studio 15
VisualStudioVersion = 15.0.28307.572
MinimumVisualStudioVersion = 10.0.40219.1
Project("{FAE04EC0-301F-11D3-BF4B-00C04F79EFBC}") = "mutant", "ConsoleApp23\mutant.csproj", "{44E5442B-F9A2-4B74-B8C7-832150006A87}"
EndProject
Project("{FAE04EC0-301F-11D3-BF4B-00C04F79EFBC}") = "ClassLibrary1", "ClassLibrary1\ClassLibrary1.csproj", "{59C2D1F6-6E6B-4741-93B4-E091AD8471C3}"
EndProject
Global
	GlobalSection(SolutionConfigurationPlatforms) = preSolution
		Debug|Any CPU = Debug|Any CPU
		Release|Any CPU = Release|Any CPU
	EndGlobalSection
	GlobalSection(ProjectConfigurationPlatforms) = postSolution
		{44E5442B-F9A2-4B74-B8C7-832150006A87}.Debug|Any CPU.ActiveCfg = Debug|Any CPU
		{44E5442B-F9A2-4B74-B8C7-832150006A87}.Debug|Any CPU.Build.0 = Debug|Any CPU
		{44E5442B-F9A2-4B74-B8C7-832150006A87}.Release|Any CPU.ActiveCfg = Release|Any CPU
		{44E5442B-F9A2-4B74-B8C7-832150006A87}.Release|Any CPU.Build.0 = Release|Any CPU
		{59C2D1F6-6E6B-4741-93B4-E091AD8471C3}.Debug|Any CPU.ActiveCfg = Debug|Any CPU
		{59C2D1F6-6E6B-4741-93B4-E091AD8471C3}.Debug|Any CPU.Build.0 = Debug|Any CPU
		{59C2D1F6-6E6B-4741-93B4-E091AD8471C3}.Release|Any CPU.ActiveCfg = Release|Any CPU
		{59C2D1F6-6E6B-4741-93B4-E091AD8471C3}.Release|Any CPU.Build.0 = Release|Any CPU
	EndGlobalSection
	GlobalSection(SolutionProperties) = preSolution
		HideSolutionNode = FALSE
	EndGlobalSection
	GlobalSection(ExtensibilityGlobals) = postSolution
		SolutionGuid = {1B1FB89E-F9DE-4D84-AB5B-BCD54686CC35}
	EndGlobalSection
EndGlobal
